// !$*UTF8*$!
{
	archiveVersion = 1;
	classes = {
	};
	objectVersion = 56;
	objects = {

/* Begin PBXBuildFile section */
		8E3414182B4FE11600DF394D /* TDD_XCTestApp.swift in Sources */ = {isa = PBXBuildFile; fileRef = 8E3414172B4FE11600DF394D /* TDD_XCTestApp.swift */; };
		8E34141A2B4FE11600DF394D /* ContentView.swift in Sources */ = {isa = PBXBuildFile; fileRef = 8E3414192B4FE11600DF394D /* ContentView.swift */; };
		8E34141C2B4FE11900DF394D /* Assets.xcassets in Resources */ = {isa = PBXBuildFile; fileRef = 8E34141B2B4FE11900DF394D /* Assets.xcassets */; };
		8E34141F2B4FE11900DF394D /* Preview Assets.xcassets in Resources */ = {isa = PBXBuildFile; fileRef = 8E34141E2B4FE11900DF394D /* Preview Assets.xcassets */; };
		8E3414292B4FE11900DF394D /* TDD_XCTestTests.swift in Sources */ = {isa = PBXBuildFile; fileRef = 8E3414282B4FE11900DF394D /* TDD_XCTestTests.swift */; };
		8E3414332B4FE11900DF394D /* TDD_XCTestUITests.swift in Sources */ = {isa = PBXBuildFile; fileRef = 8E3414322B4FE11900DF394D /* TDD_XCTestUITests.swift */; };
		8E3414352B4FE11900DF394D /* TDD_XCTestUITestsLaunchTests.swift in Sources */ = {isa = PBXBuildFile; fileRef = 8E3414342B4FE11900DF394D /* TDD_XCTestUITestsLaunchTests.swift */; };
		8EDA8CA82B4FECCE00705C9F /* Calculator.swift in Sources */ = {isa = PBXBuildFile; fileRef = 8EDA8CA62B4FECCE00705C9F /* Calculator.swift */; };
/* End PBXBuildFile section */

/* Begin PBXContainerItemProxy section */
		8E3414252B4FE11900DF394D /* PBXContainerItemProxy */ = {
			isa = PBXContainerItemProxy;
			containerPortal = 8E34140C2B4FE11600DF394D /* Project object */;
			proxyType = 1;
			remoteGlobalIDString = 8E3414132B4FE11600DF394D;
			remoteInfo = "TDD-XCTest";
		};
		8E34142F2B4FE11900DF394D /* PBXContainerItemProxy */ = {
			isa = PBXContainerItemProxy;
			containerPortal = 8E34140C2B4FE11600DF394D /* Project object */;
			proxyType = 1;
			remoteGlobalIDString = 8E3414132B4FE11600DF394D;
			remoteInfo = "TDD-XCTest";
		};
/* End PBXContainerItemProxy section */

/* Begin PBXFileReference section */
		8E3414142B4FE11600DF394D /* TDD-XCTest.app */ = {isa = PBXFileReference; explicitFileType = wrapper.application; includeInIndex = 0; path = "TDD-XCTest.app"; sourceTree = BUILT_PRODUCTS_DIR; };
		8E3414172B4FE11600DF394D /* TDD_XCTestApp.swift */ = {isa = PBXFileReference; lastKnownFileType = sourcecode.swift; path = TDD_XCTestApp.swift; sourceTree = "<group>"; };
		8E3414192B4FE11600DF394D /* ContentView.swift */ = {isa = PBXFileReference; lastKnownFileType = sourcecode.swift; path = ContentView.swift; sourceTree = "<group>"; };
		8E34141B2B4FE11900DF394D /* Assets.xcassets */ = {isa = PBXFileReference; lastKnownFileType = folder.assetcatalog; path = Assets.xcassets; sourceTree = "<group>"; };
		8E34141E2B4FE11900DF394D /* Preview Assets.xcassets */ = {isa = PBXFileReference; lastKnownFileType = folder.assetcatalog; path = "Preview Assets.xcassets"; sourceTree = "<group>"; };
		8E3414242B4FE11900DF394D /* TDD-XCTestTests.xctest */ = {isa = PBXFileReference; explicitFileType = wrapper.cfbundle; includeInIndex = 0; path = "TDD-XCTestTests.xctest"; sourceTree = BUILT_PRODUCTS_DIR; };
		8E3414282B4FE11900DF394D /* TDD_XCTestTests.swift */ = {isa = PBXFileReference; lastKnownFileType = sourcecode.swift; path = TDD_XCTestTests.swift; sourceTree = "<group>"; };
		8E34142E2B4FE11900DF394D /* TDD-XCTestUITests.xctest */ = {isa = PBXFileReference; explicitFileType = wrapper.cfbundle; includeInIndex = 0; path = "TDD-XCTestUITests.xctest"; sourceTree = BUILT_PRODUCTS_DIR; };
		8E3414322B4FE11900DF394D /* TDD_XCTestUITests.swift */ = {isa = PBXFileReference; lastKnownFileType = sourcecode.swift; path = TDD_XCTestUITests.swift; sourceTree = "<group>"; };
		8E3414342B4FE11900DF394D /* TDD_XCTestUITestsLaunchTests.swift */ = {isa = PBXFileReference; lastKnownFileType = sourcecode.swift; path = TDD_XCTestUITestsLaunchTests.swift; sourceTree = "<group>"; };
		8EDA8CA62B4FECCE00705C9F /* Calculator.swift */ = {isa = PBXFileReference; lastKnownFileType = sourcecode.swift; path = Calculator.swift; sourceTree = "<group>"; };
/* End PBXFileReference section */

/* Begin PBXFrameworksBuildPhase section */
		8E3414112B4FE11600DF394D /* Frameworks */ = {
			isa = PBXFrameworksBuildPhase;
			buildActionMask = 2147483647;
			files = (
			);
			runOnlyForDeploymentPostprocessing = 0;
		};
		8E3414212B4FE11900DF394D /* Frameworks */ = {
			isa = PBXFrameworksBuildPhase;
			buildActionMask = 2147483647;
			files = (
			);
			runOnlyForDeploymentPostprocessing = 0;
		};
		8E34142B2B4FE11900DF394D /* Frameworks */ = {
			isa = PBXFrameworksBuildPhase;
			buildActionMask = 2147483647;
			files = (
			);
			runOnlyForDeploymentPostprocessing = 0;
		};
/* End PBXFrameworksBuildPhase section */

/* Begin PBXGroup section */
		8E34140B2B4FE11600DF394D = {
			isa = PBXGroup;
			children = (
				8E3414162B4FE11600DF394D /* TDD-XCTest */,
				8E3414272B4FE11900DF394D /* TDD-XCTestTests */,
				8E3414312B4FE11900DF394D /* TDD-XCTestUITests */,
				8E3414152B4FE11600DF394D /* Products */,
			);
			sourceTree = "<group>";
		};
		8E3414152B4FE11600DF394D /* Products */ = {
			isa = PBXGroup;
			children = (
				8E3414142B4FE11600DF394D /* TDD-XCTest.app */,
				8E3414242B4FE11900DF394D /* TDD-XCTestTests.xctest */,
				8E34142E2B4FE11900DF394D /* TDD-XCTestUITests.xctest */,
			);
			name = Products;
			sourceTree = "<group>";
		};
		8E3414162B4FE11600DF394D /* TDD-XCTest */ = {
			isa = PBXGroup;
			children = (
				8E3414172B4FE11600DF394D /* TDD_XCTestApp.swift */,
				8E3414192B4FE11600DF394D /* ContentView.swift */,
				8E34141B2B4FE11900DF394D /* Assets.xcassets */,
				8E34141D2B4FE11900DF394D /* Preview Content */,
			);
			path = "TDD-XCTest";
			sourceTree = "<group>";
		};
		8E34141D2B4FE11900DF394D /* Preview Content */ = {
			isa = PBXGroup;
			children = (
				8E34141E2B4FE11900DF394D /* Preview Assets.xcassets */,
			);
			path = "Preview Content";
			sourceTree = "<group>";
		};
		8E3414272B4FE11900DF394D /* TDD-XCTestTests */ = {
			isa = PBXGroup;
			children = (
				8EDA8CA62B4FECCE00705C9F /* Calculator.swift */,
				8E3414282B4FE11900DF394D /* TDD_XCTestTests.swift */,
			);
			path = "TDD-XCTestTests";
			sourceTree = "<group>";
		};
		8E3414312B4FE11900DF394D /* TDD-XCTestUITests */ = {
			isa = PBXGroup;
			children = (
				8E3414322B4FE11900DF394D /* TDD_XCTestUITests.swift */,
				8E3414342B4FE11900DF394D /* TDD_XCTestUITestsLaunchTests.swift */,
			);
			path = "TDD-XCTestUITests";
			sourceTree = "<group>";
		};
/* End PBXGroup section */

/* Begin PBXNativeTarget section */
		8E3414132B4FE11600DF394D /* TDD-XCTest */ = {
			isa = PBXNativeTarget;
			buildConfigurationList = 8E3414382B4FE11900DF394D /* Build configuration list for PBXNativeTarget "TDD-XCTest" */;
			buildPhases = (
				8E3414102B4FE11600DF394D /* Sources */,
				8E3414112B4FE11600DF394D /* Frameworks */,
				8E3414122B4FE11600DF394D /* Resources */,
			);
			buildRules = (
			);
			dependencies = (
			);
			name = "TDD-XCTest";
			productName = "TDD-XCTest";
			productReference = 8E3414142B4FE11600DF394D /* TDD-XCTest.app */;
			productType = "com.apple.product-type.application";
		};
		8E3414232B4FE11900DF394D /* TDD-XCTestTests */ = {
			isa = PBXNativeTarget;
			buildConfigurationList = 8E34143B2B4FE11900DF394D /* Build configuration list for PBXNativeTarget "TDD-XCTestTests" */;
			buildPhases = (
				8E3414202B4FE11900DF394D /* Sources */,
				8E3414212B4FE11900DF394D /* Frameworks */,
				8E3414222B4FE11900DF394D /* Resources */,
			);
			buildRules = (
			);
			dependencies = (
				8E3414262B4FE11900DF394D /* PBXTargetDependency */,
			);
			name = "TDD-XCTestTests";
			productName = "TDD-XCTestTests";
			productReference = 8E3414242B4FE11900DF394D /* TDD-XCTestTests.xctest */;
			productType = "com.apple.product-type.bundle.unit-test";
		};
		8E34142D2B4FE11900DF394D /* TDD-XCTestUITests */ = {
			isa = PBXNativeTarget;
			buildConfigurationList = 8E34143E2B4FE11900DF394D /* Build configuration list for PBXNativeTarget "TDD-XCTestUITests" */;
			buildPhases = (
				8E34142A2B4FE11900DF394D /* Sources */,
				8E34142B2B4FE11900DF394D /* Frameworks */,
				8E34142C2B4FE11900DF394D /* Resources */,
			);
			buildRules = (
			);
			dependencies = (
				8E3414302B4FE11900DF394D /* PBXTargetDependency */,
			);
			name = "TDD-XCTestUITests";
			productName = "TDD-XCTestUITests";
			productReference = 8E34142E2B4FE11900DF394D /* TDD-XCTestUITests.xctest */;
			productType = "com.apple.product-type.bundle.ui-testing";
		};
/* End PBXNativeTarget section */

/* Begin PBXProject section */
		8E34140C2B4FE11600DF394D /* Project object */ = {
			isa = PBXProject;
			attributes = {
				BuildIndependentTargetsInParallel = 1;
				LastSwiftUpdateCheck = 1510;
				LastUpgradeCheck = 1510;
				TargetAttributes = {
					8E3414132B4FE11600DF394D = {
						CreatedOnToolsVersion = 15.1;
					};
					8E3414232B4FE11900DF394D = {
						CreatedOnToolsVersion = 15.1;
						TestTargetID = 8E3414132B4FE11600DF394D;
					};
					8E34142D2B4FE11900DF394D = {
						CreatedOnToolsVersion = 15.1;
						TestTargetID = 8E3414132B4FE11600DF394D;
					};
				};
			};
			buildConfigurationList = 8E34140F2B4FE11600DF394D /* Build configuration list for PBXProject "TDD-XCTest" */;
			compatibilityVersion = "Xcode 14.0";
			developmentRegion = en;
			hasScannedForEncodings = 0;
			knownRegions = (
				en,
				Base,
			);
			mainGroup = 8E34140B2B4FE11600DF394D;
			productRefGroup = 8E3414152B4FE11600DF394D /* Products */;
			projectDirPath = "";
			projectRoot = "";
			targets = (
				8E3414132B4FE11600DF394D /* TDD-XCTest */,
				8E3414232B4FE11900DF394D /* TDD-XCTestTests */,
				8E34142D2B4FE11900DF394D /* TDD-XCTestUITests */,
			);
		};
/* End PBXProject section */

/* Begin PBXResourcesBuildPhase section */
		8E3414122B4FE11600DF394D /* Resources */ = {
			isa = PBXResourcesBuildPhase;
			buildActionMask = 2147483647;
			files = (
				8E34141F2B4FE11900DF394D /* Preview Assets.xcassets in Resources */,
				8E34141C2B4FE11900DF394D /* Assets.xcassets in Resources */,
			);
			runOnlyForDeploymentPostprocessing = 0;
		};
		8E3414222B4FE11900DF394D /* Resources */ = {
			isa = PBXResourcesBuildPhase;
			buildActionMask = 2147483647;
			files = (
			);
			runOnlyForDeploymentPostprocessing = 0;
		};
		8E34142C2B4FE11900DF394D /* Resources */ = {
			isa = PBXResourcesBuildPhase;
			buildActionMask = 2147483647;
			files = (
			);
			runOnlyForDeploymentPostprocessing = 0;
		};
/* End PBXResourcesBuildPhase section */

/* Begin PBXSourcesBuildPhase section */
		8E3414102B4FE11600DF394D /* Sources */ = {
			isa = PBXSourcesBuildPhase;
			buildActionMask = 2147483647;
			files = (
				8E34141A2B4FE11600DF394D /* ContentView.swift in Sources */,
				8E3414182B4FE11600DF394D /* TDD_XCTestApp.swift in Sources */,
			);
			runOnlyForDeploymentPostprocessing = 0;
		};
		8E3414202B4FE11900DF394D /* Sources */ = {
			isa = PBXSourcesBuildPhase;
			buildActionMask = 2147483647;
			files = (
				8E3414292B4FE11900DF394D /* TDD_XCTestTests.swift in Sources */,
				8EDA8CA82B4FECCE00705C9F /* Calculator.swift in Sources */,
			);
			runOnlyForDeploymentPostprocessing = 0;
		};
		8E34142A2B4FE11900DF394D /* Sources */ = {
			isa = PBXSourcesBuildPhase;
			buildActionMask = 2147483647;
			files = (
				8E3414352B4FE11900DF394D /* TDD_XCTestUITestsLaunchTests.swift in Sources */,
				8E3414332B4FE11900DF394D /* TDD_XCTestUITests.swift in Sources */,
			);
			runOnlyForDeploymentPostprocessing = 0;
		};
/* End PBXSourcesBuildPhase section */

/* Begin PBXTargetDependency section */
		8E3414262B4FE11900DF394D /* PBXTargetDependency */ = {
			isa = PBXTargetDependency;
			target = 8E3414132B4FE11600DF394D /* TDD-XCTest */;
			targetProxy = 8E3414252B4FE11900DF394D /* PBXContainerItemProxy */;
		};
		8E3414302B4FE11900DF394D /* PBXTargetDependency */ = {
			isa = PBXTargetDependency;
			target = 8E3414132B4FE11600DF394D /* TDD-XCTest */;
			targetProxy = 8E34142F2B4FE11900DF394D /* PBXContainerItemProxy */;
		};
/* End PBXTargetDependency section */

/* Begin XCBuildConfiguration section */
		8E3414362B4FE11900DF394D /* Debug */ = {
			isa = XCBuildConfiguration;
			buildSettings = {
				ALWAYS_SEARCH_USER_PATHS = NO;
				ASSETCATALOG_COMPILER_GENERATE_SWIFT_ASSET_SYMBOL_EXTENSIONS = YES;
				CLANG_ANALYZER_NONNULL = YES;
				CLANG_ANALYZER_NUMBER_OBJECT_CONVERSION = YES_AGGRESSIVE;
				CLANG_CXX_LANGUAGE_STANDARD = "gnu++20";
				CLANG_ENABLE_MODULES = YES;
				CLANG_ENABLE_OBJC_ARC = YES;
				CLANG_ENABLE_OBJC_WEAK = YES;
				CLANG_WARN_BLOCK_CAPTURE_AUTORELEASING = YES;
				CLANG_WARN_BOOL_CONVERSION = YES;
				CLANG_WARN_COMMA = YES;
				CLANG_WARN_CONSTANT_CONVERSION = YES;
				CLANG_WARN_DEPRECATED_OBJC_IMPLEMENTATIONS = YES;
				CLANG_WARN_DIRECT_OBJC_ISA_USAGE = YES_ERROR;
				CLANG_WARN_DOCUMENTATION_COMMENTS = YES;
				CLANG_WARN_EMPTY_BODY = YES;
				CLANG_WARN_ENUM_CONVERSION = YES;
				CLANG_WARN_INFINITE_RECURSION = YES;
				CLANG_WARN_INT_CONVERSION = YES;
				CLANG_WARN_NON_LITERAL_NULL_CONVERSION = YES;
				CLANG_WARN_OBJC_IMPLICIT_RETAIN_SELF = YES;
				CLANG_WARN_OBJC_LITERAL_CONVERSION = YES;
				CLANG_WARN_OBJC_ROOT_CLASS = YES_ERROR;
				CLANG_WARN_QUOTED_INCLUDE_IN_FRAMEWORK_HEADER = YES;
				CLANG_WARN_RANGE_LOOP_ANALYSIS = YES;
				CLANG_WARN_STRICT_PROTOTYPES = YES;
				CLANG_WARN_SUSPICIOUS_MOVE = YES;
				CLANG_WARN_UNGUARDED_AVAILABILITY = YES_AGGRESSIVE;
				CLANG_WARN_UNREACHABLE_CODE = YES;
				CLANG_WARN__DUPLICATE_METHOD_MATCH = YES;
				COPY_PHASE_STRIP = NO;
				DEBUG_INFORMATION_FORMAT = dwarf;
				ENABLE_STRICT_OBJC_MSGSEND = YES;
				ENABLE_TESTABILITY = YES;
				ENABLE_USER_SCRIPT_SANDBOXING = YES;
				GCC_C_LANGUAGE_STANDARD = gnu17;
				GCC_DYNAMIC_NO_PIC = NO;
				GCC_NO_COMMON_BLOCKS = YES;
				GCC_OPTIMIZATION_LEVEL = 0;
				GCC_PREPROCESSOR_DEFINITIONS = (
					"DEBUG=1",
					"$(inherited)",
				);
				GCC_WARN_64_TO_32_BIT_CONVERSION = YES;
				GCC_WARN_ABOUT_RETURN_TYPE = YES_ERROR;
				GCC_WARN_UNDECLARED_SELECTOR = YES;
				GCC_WARN_UNINITIALIZED_AUTOS = YES_AGGRESSIVE;
				GCC_WARN_UNUSED_FUNCTION = YES;
				GCC_WARN_UNUSED_VARIABLE = YES;
				IPHONEOS_DEPLOYMENT_TARGET = 17.2;
				LOCALIZATION_PREFERS_STRING_CATALOGS = YES;
				MTL_ENABLE_DEBUG_INFO = INCLUDE_SOURCE;
				MTL_FAST_MATH = YES;
				ONLY_ACTIVE_ARCH = YES;
				SDKROOT = iphoneos;
				SWIFT_ACTIVE_COMPILATION_CONDITIONS = "DEBUG $(inherited)";
				SWIFT_OPTIMIZATION_LEVEL = "-Onone";
			};
			name = Debug;
		};
		8E3414372B4FE11900DF394D /* Release */ = {
			isa = XCBuildConfiguration;
			buildSettings = {
				ALWAYS_SEARCH_USER_PATHS = NO;
				ASSETCATALOG_COMPILER_GENERATE_SWIFT_ASSET_SYMBOL_EXTENSIONS = YES;
				CLANG_ANALYZER_NONNULL = YES;
				CLANG_ANALYZER_NUMBER_OBJECT_CONVERSION = YES_AGGRESSIVE;
				CLANG_CXX_LANGUAGE_STANDARD = "gnu++20";
				CLANG_ENABLE_MODULES = YES;
				CLANG_ENABLE_OBJC_ARC = YES;
				CLANG_ENABLE_OBJC_WEAK = YES;
				CLANG_WARN_BLOCK_CAPTURE_AUTORELEASING = YES;
				CLANG_WARN_BOOL_CONVERSION = YES;
				CLANG_WARN_COMMA = YES;
				CLANG_WARN_CONSTANT_CONVERSION = YES;
				CLANG_WARN_DEPRECATED_OBJC_IMPLEMENTATIONS = YES;
				CLANG_WARN_DIRECT_OBJC_ISA_USAGE = YES_ERROR;
				CLANG_WARN_DOCUMENTATION_COMMENTS = YES;
				CLANG_WARN_EMPTY_BODY = YES;
				CLANG_WARN_ENUM_CONVERSION = YES;
				CLANG_WARN_INFINITE_RECURSION = YES;
				CLANG_WARN_INT_CONVERSION = YES;
				CLANG_WARN_NON_LITERAL_NULL_CONVERSION = YES;
				CLANG_WARN_OBJC_IMPLICIT_RETAIN_SELF = YES;
				CLANG_WARN_OBJC_LITERAL_CONVERSION = YES;
				CLANG_WARN_OBJC_ROOT_CLASS = YES_ERROR;
				CLANG_WARN_QUOTED_INCLUDE_IN_FRAMEWORK_HEADER = YES;
				CLANG_WARN_RANGE_LOOP_ANALYSIS = YES;
				CLANG_WARN_STRICT_PROTOTYPES = YES;
				CLANG_WARN_SUSPICIOUS_MOVE = YES;
				CLANG_WARN_UNGUARDED_AVAILABILITY = YES_AGGRESSIVE;
				CLANG_WARN_UNREACHABLE_CODE = YES;
				CLANG_WARN__DUPLICATE_METHOD_MATCH = YES;
				COPY_PHASE_STRIP = NO;
				DEBUG_INFORMATION_FORMAT = "dwarf-with-dsym";
				ENABLE_NS_ASSERTIONS = NO;
				ENABLE_STRICT_OBJC_MSGSEND = YES;
				ENABLE_USER_SCRIPT_SANDBOXING = YES;
				GCC_C_LANGUAGE_STANDARD = gnu17;
				GCC_NO_COMMON_BLOCKS = YES;
				GCC_WARN_64_TO_32_BIT_CONVERSION = YES;
				GCC_WARN_ABOUT_RETURN_TYPE = YES_ERROR;
				GCC_WARN_UNDECLARED_SELECTOR = YES;
				GCC_WARN_UNINITIALIZED_AUTOS = YES_AGGRESSIVE;
				GCC_WARN_UNUSED_FUNCTION = YES;
				GCC_WARN_UNUSED_VARIABLE = YES;
				IPHONEOS_DEPLOYMENT_TARGET = 17.2;
				LOCALIZATION_PREFERS_STRING_CATALOGS = YES;
				MTL_ENABLE_DEBUG_INFO = NO;
				MTL_FAST_MATH = YES;
				SDKROOT = iphoneos;
				SWIFT_COMPILATION_MODE = wholemodule;
				VALIDATE_PRODUCT = YES;
			};
			name = Release;
		};
		8E3414392B4FE11900DF394D /* Debug */ = {
			isa = XCBuildConfiguration;
			buildSettings = {
				ASSETCATALOG_COMPILER_APPICON_NAME = AppIcon;
				ASSETCATALOG_COMPILER_GLOBAL_ACCENT_COLOR_NAME = AccentColor;
				CODE_SIGN_STYLE = Automatic;
				CURRENT_PROJECT_VERSION = 1;
				DEVELOPMENT_ASSET_PATHS = "\"TDD-XCTest/Preview Content\"";
				DEVELOPMENT_TEAM = 9GGZWXBXQ6;
				ENABLE_PREVIEWS = YES;
				GENERATE_INFOPLIST_FILE = YES;
				INFOPLIST_KEY_UIApplicationSceneManifest_Generation = YES;
				INFOPLIST_KEY_UIApplicationSupportsIndirectInputEvents = YES;
				INFOPLIST_KEY_UILaunchScreen_Generation = YES;
				INFOPLIST_KEY_UISupportedInterfaceOrientations_iPad = "UIInterfaceOrientationPortrait UIInterfaceOrientationPortraitUpsideDown UIInterfaceOrientationLandscapeLeft UIInterfaceOrientationLandscapeRight";
				INFOPLIST_KEY_UISupportedInterfaceOrientations_iPhone = "UIInterfaceOrientationPortrait UIInterfaceOrientationLandscapeLeft UIInterfaceOrientationLandscapeRight";
				LD_RUNPATH_SEARCH_PATHS = (
					"$(inherited)",
					"@executable_path/Frameworks",
				);
				MARKETING_VERSION = 1.0;
				PRODUCT_BUNDLE_IDENTIFIER = "YangCustom.TDD-XCTest";
				PRODUCT_NAME = "$(TARGET_NAME)";
				SWIFT_EMIT_LOC_STRINGS = YES;
				SWIFT_VERSION = 5.0;
				TARGETED_DEVICE_FAMILY = "1,2";
			};
			name = Debug;
		};
		8E34143A2B4FE11900DF394D /* Release */ = {
			isa = XCBuildConfiguration;
			buildSettings = {
				ASSETCATALOG_COMPILER_APPICON_NAME = AppIcon;
				ASSETCATALOG_COMPILER_GLOBAL_ACCENT_COLOR_NAME = AccentColor;
				CODE_SIGN_STYLE = Automatic;
				CURRENT_PROJECT_VERSION = 1;
				DEVELOPMENT_ASSET_PATHS = "\"TDD-XCTest/Preview Content\"";
				DEVELOPMENT_TEAM = 9GGZWXBXQ6;
				ENABLE_PREVIEWS = YES;
				GENERATE_INFOPLIST_FILE = YES;
				INFOPLIST_KEY_UIApplicationSceneManifest_Generation = YES;
				INFOPLIST_KEY_UIApplicationSupportsIndirectInputEvents = YES;
				INFOPLIST_KEY_UILaunchScreen_Generation = YES;
				INFOPLIST_KEY_UISupportedInterfaceOrientations_iPad = "UIInterfaceOrientationPortrait UIInterfaceOrientationPortraitUpsideDown UIInterfaceOrientationLandscapeLeft UIInterfaceOrientationLandscapeRight";
				INFOPLIST_KEY_UISupportedInterfaceOrientations_iPhone = "UIInterfaceOrientationPortrait UIInterfaceOrientationLandscapeLeft UIInterfaceOrientationLandscapeRight";
				LD_RUNPATH_SEARCH_PATHS = (
					"$(inherited)",
					"@executable_path/Frameworks",
				);
				MARKETING_VERSION = 1.0;
				PRODUCT_BUNDLE_IDENTIFIER = "YangCustom.TDD-XCTest";
				PRODUCT_NAME = "$(TARGET_NAME)";
				SWIFT_EMIT_LOC_STRINGS = YES;
				SWIFT_VERSION = 5.0;
				TARGETED_DEVICE_FAMILY = "1,2";
			};
			name = Release;
		};
		8E34143C2B4FE11900DF394D /* Debug */ = {
			isa = XCBuildConfiguration;
			buildSettings = {
				ALWAYS_EMBED_SWIFT_STANDARD_LIBRARIES = YES;
				BUNDLE_LOADER = "$(TEST_HOST)";
				CODE_SIGN_STYLE = Automatic;
				CURRENT_PROJECT_VERSION = 1;
				DEVELOPMENT_TEAM = 9GGZWXBXQ6;
				GENERATE_INFOPLIST_FILE = YES;
				IPHONEOS_DEPLOYMENT_TARGET = 17.2;
				MARKETING_VERSION = 1.0;
				PRODUCT_BUNDLE_IDENTIFIER = "YangCustom.TDD-XCTestTests";
				PRODUCT_NAME = "$(TARGET_NAME)";
				SWIFT_EMIT_LOC_STRINGS = NO;
				SWIFT_VERSION = 5.0;
				TARGETED_DEVICE_FAMILY = "1,2";
				TEST_HOST = "$(BUILT_PRODUCTS_DIR)/TDD-XCTest.app/$(BUNDLE_EXECUTABLE_FOLDER_PATH)/TDD-XCTest";
			};
			name = Debug;
		};
		8E34143D2B4FE11900DF394D /* Release */ = {
			isa = XCBuildConfiguration;
			buildSettings = {
				ALWAYS_EMBED_SWIFT_STANDARD_LIBRARIES = YES;
				BUNDLE_LOADER = "$(TEST_HOST)";
				CODE_SIGN_STYLE = Automatic;
				CURRENT_PROJECT_VERSION = 1;
				DEVELOPMENT_TEAM = 9GGZWXBXQ6;
				GENERATE_INFOPLIST_FILE = YES;
				IPHONEOS_DEPLOYMENT_TARGET = 17.2;
				MARKETING_VERSION = 1.0;
				PRODUCT_BUNDLE_IDENTIFIER = "YangCustom.TDD-XCTestTests";
				PRODUCT_NAME = "$(TARGET_NAME)";
				SWIFT_EMIT_LOC_STRINGS = NO;
				SWIFT_VERSION = 5.0;
				TARGETED_DEVICE_FAMILY = "1,2";
				TEST_HOST = "$(BUILT_PRODUCTS_DIR)/TDD-XCTest.app/$(BUNDLE_EXECUTABLE_FOLDER_PATH)/TDD-XCTest";
			};
			name = Release;
		};
		8E34143F2B4FE11900DF394D /* Debug */ = {
			isa = XCBuildConfiguration;
			buildSettings = {
				ALWAYS_EMBED_SWIFT_STANDARD_LIBRARIES = YES;
				CODE_SIGN_STYLE = Automatic;
				CURRENT_PROJECT_VERSION = 1;
				DEVELOPMENT_TEAM = 9GGZWXBXQ6;
				GENERATE_INFOPLIST_FILE = YES;
				MARKETING_VERSION = 1.0;
				PRODUCT_BUNDLE_IDENTIFIER = "YangCustom.TDD-XCTestUITests";
				PRODUCT_NAME = "$(TARGET_NAME)";
				SWIFT_EMIT_LOC_STRINGS = NO;
				SWIFT_VERSION = 5.0;
				TARGETED_DEVICE_FAMILY = "1,2";
				TEST_TARGET_NAME = "TDD-XCTest";
			};
			name = Debug;
		};
		8E3414402B4FE11900DF394D /* Release */ = {
			isa = XCBuildConfiguration;
			buildSettings = {
				ALWAYS_EMBED_SWIFT_STANDARD_LIBRARIES = YES;
				CODE_SIGN_STYLE = Automatic;
				CURRENT_PROJECT_VERSION = 1;
				DEVELOPMENT_TEAM = 9GGZWXBXQ6;
				GENERATE_INFOPLIST_FILE = YES;
				MARKETING_VERSION = 1.0;
				PRODUCT_BUNDLE_IDENTIFIER = "YangCustom.TDD-XCTestUITests";
				PRODUCT_NAME = "$(TARGET_NAME)";
				SWIFT_EMIT_LOC_STRINGS = NO;
				SWIFT_VERSION = 5.0;
				TARGETED_DEVICE_FAMILY = "1,2";
				TEST_TARGET_NAME = "TDD-XCTest";
			};
			name = Release;
		};
/* End XCBuildConfiguration section */

/* Begin XCConfigurationList section */
		8E34140F2B4FE11600DF394D /* Build configuration list for PBXProject "TDD-XCTest" */ = {
			isa = XCConfigurationList;
			buildConfigurations = (
				8E3414362B4FE11900DF394D /* Debug */,
				8E3414372B4FE11900DF394D /* Release */,
			);
			defaultConfigurationIsVisible = 0;
			defaultConfigurationName = Release;
		};
		8E3414382B4FE11900DF394D /* Build configuration list for PBXNativeTarget "TDD-XCTest" */ = {
			isa = XCConfigurationList;
			buildConfigurations = (
				8E3414392B4FE11900DF394D /* Debug */,
				8E34143A2B4FE11900DF394D /* Release */,
			);
			defaultConfigurationIsVisible = 0;
			defaultConfigurationName = Release;
		};
		8E34143B2B4FE11900DF394D /* Build configuration list for PBXNativeTarget "TDD-XCTestTests" */ = {
			isa = XCConfigurationList;
			buildConfigurations = (
				8E34143C2B4FE11900DF394D /* Debug */,
				8E34143D2B4FE11900DF394D /* Release */,
			);
			defaultConfigurationIsVisible = 0;
			defaultConfigurationName = Release;
		};
		8E34143E2B4FE11900DF394D /* Build configuration list for PBXNativeTarget "TDD-XCTestUITests" */ = {
			isa = XCConfigurationList;
			buildConfigurations = (
				8E34143F2B4FE11900DF394D /* Debug */,
				8E3414402B4FE11900DF394D /* Release */,
			);
			defaultConfigurationIsVisible = 0;
			defaultConfigurationName = Release;
		};
/* End XCConfigurationList section */
	};
	rootObject = 8E34140C2B4FE11600DF394D /* Project object */;
}
